
Microsoft Visual Studio Solution File, Format Version 12.00
# Visual Studio Version 17
VisualStudioVersion = 17.14.36429.23 d17.14
MinimumVisualStudioVersion = 10.0.40219.1
Project("{FAE04EC0-301F-11D3-BF4B-00C04F79EFBC}") = "EscolaDeIdioma", "EscolaDeIdioma\EscolaDeIdioma.csproj", "{ABD0E59D-ABD3-46A4-9CA4-5FCC84FB28A5}"
EndProject
Global
	GlobalSection(SolutionConfigurationPlatforms) = preSolution
		Debug|Any CPU = Debug|Any CPU
		Release|Any CPU = Release|Any CPU
	EndGlobalSection
	GlobalSection(ProjectConfigurationPlatforms) = postSolution
		{ABD0E59D-ABD3-46A4-9CA4-5FCC84FB28A5}.Debug|Any CPU.ActiveCfg = Debug|Any CPU
		{ABD0E59D-ABD3-46A4-9CA4-5FCC84FB28A5}.Debug|Any CPU.Build.0 = Debug|Any CPU
		{ABD0E59D-ABD3-46A4-9CA4-5FCC84FB28A5}.Release|Any CPU.ActiveCfg = Release|Any CPU
		{ABD0E59D-ABD3-46A4-9CA4-5FCC84FB28A5}.Release|Any CPU.Build.0 = Release|Any CPU
	EndGlobalSection
	GlobalSection(SolutionProperties) = preSolution
		HideSolutionNode = FALSE
	EndGlobalSection
	GlobalSection(ExtensibilityGlobals) = postSolution
		SolutionGuid = {64C16312-9D2E-439C-BDF4-E545D4E4304F}
	EndGlobalSection
EndGlobal
